
Microsoft Visual Studio Solution File, Format Version 12.00
# Visual Studio 14
VisualStudioVersion = 14.0.23107.0
MinimumVisualStudioVersion = 10.0.40219.1
Project("{FAE04EC0-301F-11D3-BF4B-00C04F79EFBC}") = "ch5DinnerParty_first_version", "DinnerParty_first_version\ch5DinnerParty_first_version.csproj", "{E43D5B38-82F4-4298-86D0-F0A468F5D1A0}"
EndProject
Project("{FAE04EC0-301F-11D3-BF4B-00C04F79EFBC}") = "ch5OverrideVirtual", "OverrideVirtual\ch5OverrideVirtual.csproj", "{18C2D500-AF10-4C96-AF6C-6B6455BA1D2E}"
EndProject
Project("{FAE04EC0-301F-11D3-BF4B-00C04F79EFBC}") = "ch5InheritanceSubClassBaseClass", "InheritanceSubClassBaseClass\ch5InheritanceSubClassBaseClass.csproj", "{1C2B06B1-C8D5-4947-941F-2B66FED90DB7}"
EndProject
Project("{FAE04EC0-301F-11D3-BF4B-00C04F79EFBC}") = "ch5InheritanceBees", "ch5InheritanceBees\ch5InheritanceBees.csproj", "{B934EA01-97D6-4B8A-A060-BF8D6BDE722E}"
EndProject
Project("{FAE04EC0-301F-11D3-BF4B-00C04F79EFBC}") = "ch5InheritanceBeesPart2", "ch5InheritanceBeesPart2\ch5InheritanceBeesPart2.csproj", "{70293A46-3E98-40E4-9596-01C535701244}"
EndProject
Project("{FAE04EC0-301F-11D3-BF4B-00C04F79EFBC}") = "ch6TallGuy", "ch6TallGuy\ch6TallGuy.csproj", "{10A1D941-C167-4CD1-B3D4-21EE994C308D}"
EndProject
Project("{FAE04EC0-301F-11D3-BF4B-00C04F79EFBC}") = "ch7house", "ch7house\ch7house.csproj", "{7454A71C-2CD8-4EE7-98FE-D7C8CCA02053}"
EndProject
Project("{FAE04EC0-301F-11D3-BF4B-00C04F79EFBC}") = "ch7houseHideAndSeek", "ch7houseHideAndSeek\ch7houseHideAndSeek.csproj", "{D5E8CF28-018D-42CF-8437-06F7A10B08DA}"
EndProject
Project("{FAE04EC0-301F-11D3-BF4B-00C04F79EFBC}") = "ch8CardsEnum", "ch8CardsEnum\ch8CardsEnum.csproj", "{0A4EB213-5C3B-47C1-AC86-85950A010BD4}"
EndProject
Project("{FAE04EC0-301F-11D3-BF4B-00C04F79EFBC}") = "ch8DuckCollection", "ch8DuckCollection\ch8DuckCollection.csproj", "{B5AD06CD-0731-4271-AF61-423913201948}"
EndProject
Project("{FAE04EC0-301F-11D3-BF4B-00C04F79EFBC}") = "ch8JumbledSetOfFiveCards_Sorting", "ch8JumbledSetOfFiveCards_Sorting\ch8JumbledSetOfFiveCards_Sorting.csproj", "{0B559D64-D70A-4E49-BF82-06AFD2D94FD6}"
EndProject
Project("{FAE04EC0-301F-11D3-BF4B-00C04F79EFBC}") = "ch8DuckIEnumerable", "ch8DuckIEnumerable\ch8DuckIEnumerable.csproj", "{902B2AAD-463C-4FEA-ABD5-66FC502754C2}"
EndProject
Project("{FAE04EC0-301F-11D3-BF4B-00C04F79EFBC}") = "ch8CardsOverloadedMethods", "ch8CardsOverloadedMethods\ch8CardsOverloadedMethods.csproj", "{B9054980-404A-4D82-938B-E8C9928A1DD0}"
EndProject
Project("{FAE04EC0-301F-11D3-BF4B-00C04F79EFBC}") = "ch8TwoDecks", "ch8TwoDecks\ch8TwoDecks.csproj", "{F8D6371C-8988-4B3F-8099-9300CC701447}"
EndProject
Project("{FAE04EC0-301F-11D3-BF4B-00C04F79EFBC}") = "ch8DictionaryJerseyNumbers", "ch8DictionaryJerseyNumbers\ch8DictionaryJerseyNumbers.csproj", "{777C1CF7-0C5B-49CE-9B45-324B0E2F6390}"
EndProject
Project("{FAE04EC0-301F-11D3-BF4B-00C04F79EFBC}") = "ch8GoFish", "ch8GoFish\ch8GoFish.csproj", "{E9221887-A80B-4654-A347-8D5E841EE436}"
EndProject
Global
	GlobalSection(SolutionConfigurationPlatforms) = preSolution
		Debug|Any CPU = Debug|Any CPU
		Release|Any CPU = Release|Any CPU
	EndGlobalSection
	GlobalSection(ProjectConfigurationPlatforms) = postSolution
		{E43D5B38-82F4-4298-86D0-F0A468F5D1A0}.Debug|Any CPU.ActiveCfg = Debug|Any CPU
		{E43D5B38-82F4-4298-86D0-F0A468F5D1A0}.Debug|Any CPU.Build.0 = Debug|Any CPU
		{E43D5B38-82F4-4298-86D0-F0A468F5D1A0}.Release|Any CPU.ActiveCfg = Release|Any CPU
		{E43D5B38-82F4-4298-86D0-F0A468F5D1A0}.Release|Any CPU.Build.0 = Release|Any CPU
		{18C2D500-AF10-4C96-AF6C-6B6455BA1D2E}.Debug|Any CPU.ActiveCfg = Debug|Any CPU
		{18C2D500-AF10-4C96-AF6C-6B6455BA1D2E}.Debug|Any CPU.Build.0 = Debug|Any CPU
		{18C2D500-AF10-4C96-AF6C-6B6455BA1D2E}.Release|Any CPU.ActiveCfg = Release|Any CPU
		{18C2D500-AF10-4C96-AF6C-6B6455BA1D2E}.Release|Any CPU.Build.0 = Release|Any CPU
		{1C2B06B1-C8D5-4947-941F-2B66FED90DB7}.Debug|Any CPU.ActiveCfg = Debug|Any CPU
		{1C2B06B1-C8D5-4947-941F-2B66FED90DB7}.Debug|Any CPU.Build.0 = Debug|Any CPU
		{1C2B06B1-C8D5-4947-941F-2B66FED90DB7}.Release|Any CPU.ActiveCfg = Release|Any CPU
		{1C2B06B1-C8D5-4947-941F-2B66FED90DB7}.Release|Any CPU.Build.0 = Release|Any CPU
		{B934EA01-97D6-4B8A-A060-BF8D6BDE722E}.Debug|Any CPU.ActiveCfg = Debug|Any CPU
		{B934EA01-97D6-4B8A-A060-BF8D6BDE722E}.Debug|Any CPU.Build.0 = Debug|Any CPU
		{B934EA01-97D6-4B8A-A060-BF8D6BDE722E}.Release|Any CPU.ActiveCfg = Release|Any CPU
		{B934EA01-97D6-4B8A-A060-BF8D6BDE722E}.Release|Any CPU.Build.0 = Release|Any CPU
		{70293A46-3E98-40E4-9596-01C535701244}.Debug|Any CPU.ActiveCfg = Debug|Any CPU
		{70293A46-3E98-40E4-9596-01C535701244}.Debug|Any CPU.Build.0 = Debug|Any CPU
		{70293A46-3E98-40E4-9596-01C535701244}.Release|Any CPU.ActiveCfg = Release|Any CPU
		{70293A46-3E98-40E4-9596-01C535701244}.Release|Any CPU.Build.0 = Release|Any CPU
		{10A1D941-C167-4CD1-B3D4-21EE994C308D}.Debug|Any CPU.ActiveCfg = Debug|Any CPU
		{10A1D941-C167-4CD1-B3D4-21EE994C308D}.Debug|Any CPU.Build.0 = Debug|Any CPU
		{10A1D941-C167-4CD1-B3D4-21EE994C308D}.Release|Any CPU.ActiveCfg = Release|Any CPU
		{10A1D941-C167-4CD1-B3D4-21EE994C308D}.Release|Any CPU.Build.0 = Release|Any CPU
		{7454A71C-2CD8-4EE7-98FE-D7C8CCA02053}.Debug|Any CPU.ActiveCfg = Debug|Any CPU
		{7454A71C-2CD8-4EE7-98FE-D7C8CCA02053}.Debug|Any CPU.Build.0 = Debug|Any CPU
		{7454A71C-2CD8-4EE7-98FE-D7C8CCA02053}.Release|Any CPU.ActiveCfg = Release|Any CPU
		{7454A71C-2CD8-4EE7-98FE-D7C8CCA02053}.Release|Any CPU.Build.0 = Release|Any CPU
		{D5E8CF28-018D-42CF-8437-06F7A10B08DA}.Debug|Any CPU.ActiveCfg = Debug|Any CPU
		{D5E8CF28-018D-42CF-8437-06F7A10B08DA}.Debug|Any CPU.Build.0 = Debug|Any CPU
		{D5E8CF28-018D-42CF-8437-06F7A10B08DA}.Release|Any CPU.ActiveCfg = Release|Any CPU
		{D5E8CF28-018D-42CF-8437-06F7A10B08DA}.Release|Any CPU.Build.0 = Release|Any CPU
		{0A4EB213-5C3B-47C1-AC86-85950A010BD4}.Debug|Any CPU.ActiveCfg = Debug|Any CPU
		{0A4EB213-5C3B-47C1-AC86-85950A010BD4}.Debug|Any CPU.Build.0 = Debug|Any CPU
		{0A4EB213-5C3B-47C1-AC86-85950A010BD4}.Release|Any CPU.ActiveCfg = Release|Any CPU
		{0A4EB213-5C3B-47C1-AC86-85950A010BD4}.Release|Any CPU.Build.0 = Release|Any CPU
		{B5AD06CD-0731-4271-AF61-423913201948}.Debug|Any CPU.ActiveCfg = Debug|Any CPU
		{B5AD06CD-0731-4271-AF61-423913201948}.Debug|Any CPU.Build.0 = Debug|Any CPU
		{B5AD06CD-0731-4271-AF61-423913201948}.Release|Any CPU.ActiveCfg = Release|Any CPU
		{B5AD06CD-0731-4271-AF61-423913201948}.Release|Any CPU.Build.0 = Release|Any CPU
		{0B559D64-D70A-4E49-BF82-06AFD2D94FD6}.Debug|Any CPU.ActiveCfg = Debug|Any CPU
		{0B559D64-D70A-4E49-BF82-06AFD2D94FD6}.Debug|Any CPU.Build.0 = Debug|Any CPU
		{0B559D64-D70A-4E49-BF82-06AFD2D94FD6}.Release|Any CPU.ActiveCfg = Release|Any CPU
		{0B559D64-D70A-4E49-BF82-06AFD2D94FD6}.Release|Any CPU.Build.0 = Release|Any CPU
		{902B2AAD-463C-4FEA-ABD5-66FC502754C2}.Debug|Any CPU.ActiveCfg = Debug|Any CPU
		{902B2AAD-463C-4FEA-ABD5-66FC502754C2}.Debug|Any CPU.Build.0 = Debug|Any CPU
		{902B2AAD-463C-4FEA-ABD5-66FC502754C2}.Release|Any CPU.ActiveCfg = Release|Any CPU
		{902B2AAD-463C-4FEA-ABD5-66FC502754C2}.Release|Any CPU.Build.0 = Release|Any CPU
		{B9054980-404A-4D82-938B-E8C9928A1DD0}.Debug|Any CPU.ActiveCfg = Debug|Any CPU
		{B9054980-404A-4D82-938B-E8C9928A1DD0}.Debug|Any CPU.Build.0 = Debug|Any CPU
		{B9054980-404A-4D82-938B-E8C9928A1DD0}.Release|Any CPU.ActiveCfg = Release|Any CPU
		{B9054980-404A-4D82-938B-E8C9928A1DD0}.Release|Any CPU.Build.0 = Release|Any CPU
		{F8D6371C-8988-4B3F-8099-9300CC701447}.Debug|Any CPU.ActiveCfg = Debug|Any CPU
		{F8D6371C-8988-4B3F-8099-9300CC701447}.Debug|Any CPU.Build.0 = Debug|Any CPU
		{F8D6371C-8988-4B3F-8099-9300CC701447}.Release|Any CPU.ActiveCfg = Release|Any CPU
		{F8D6371C-8988-4B3F-8099-9300CC701447}.Release|Any CPU.Build.0 = Release|Any CPU
		{777C1CF7-0C5B-49CE-9B45-324B0E2F6390}.Debug|Any CPU.ActiveCfg = Debug|Any CPU
		{777C1CF7-0C5B-49CE-9B45-324B0E2F6390}.Debug|Any CPU.Build.0 = Debug|Any CPU
		{777C1CF7-0C5B-49CE-9B45-324B0E2F6390}.Release|Any CPU.ActiveCfg = Release|Any CPU
		{777C1CF7-0C5B-49CE-9B45-324B0E2F6390}.Release|Any CPU.Build.0 = Release|Any CPU
		{E9221887-A80B-4654-A347-8D5E841EE436}.Debug|Any CPU.ActiveCfg = Debug|Any CPU
		{E9221887-A80B-4654-A347-8D5E841EE436}.Debug|Any CPU.Build.0 = Debug|Any CPU
		{E9221887-A80B-4654-A347-8D5E841EE436}.Release|Any CPU.ActiveCfg = Release|Any CPU
		{E9221887-A80B-4654-A347-8D5E841EE436}.Release|Any CPU.Build.0 = Release|Any CPU
	EndGlobalSection
	GlobalSection(SolutionProperties) = preSolution
		HideSolutionNode = FALSE
	EndGlobalSection
EndGlobal
